lockfileVersion: '9.0'

settings:
  autoInstallPeers: true
  excludeLinksFromLockfile: false

importers:

  .:
    devDependencies:
      '@types/react-router-hash-link':
        specifier: ^2.4.9
        version: 2.4.9

packages:

  '@types/history@4.7.11':
    resolution: {integrity: sha512-qjDJRrmvBMiTx+jyLxvLfJU7UznFuokDv4f3WRuriHKERccVpFU+8XMQUAbDzoiJCsmexxRExQeMwwCdamSKDA==}

  '@types/react-router-dom@5.3.3':
    resolution: {integrity: sha512-kpqnYK4wcdm5UaWI3fLcELopqLrHgLqNsdpHauzlQktfkHL3npOSwtj1Uz9oKBAzs7lFtVkV8j83voAz2D8fhw==}

  '@types/react-router-hash-link@2.4.9':
    resolution: {integrity: sha512-zl/VMj+lfJZhvjOAQXIlBVPNKSK+/fRG8AUHhlP9++LhlA2ziLeTmbRxIMJI3PCiCTS+W/FosEoDRoNOGH0OzA==}

  '@types/react-router@5.1.20':
    resolution: {integrity: sha512-jGjmu/ZqS7FjSH6owMcD5qpq19+1RS9DeVRqfl1FeBMxTDQAGwlMWOcs52NDoXaNKyG3d1cYQFMs9rCrb88o9Q==}

  '@types/react@19.2.14':
    resolution: {integrity: sha512-ilcTH/UniCkMdtexkoCN0bI7pMcJDvmQFPvuPvmEaYA/NSfFTAgdUSLAoVjaRJm7+6PvcM+q1zYOwS4wTYMF9w==}

  csstype@3.2.3:
    resolution: {integrity: sha512-z1HGKcYy2xA8AGQfwrn0PAy+PB7X/GSj3UVJW9qKyn43xWa+gl5nXmU4qqLMRzWVLFC8KusUX8T/0kCiOYpAIQ==}

snapshots:

  '@types/history@4.7.11': {}

  '@types/react-router-dom@5.3.3':
    dependencies:
      '@types/history': 4.7.11
      '@types/react': 19.2.14
      '@types/react-router': 5.1.20

  '@types/react-router-hash-link@2.4.9':
    dependencies:
      '@types/history': 4.7.11
      '@types/react': 19.2.14
      '@types/react-router-dom': 5.3.3

  '@types/react-router@5.1.20':
    dependencies:
      '@types/history': 4.7.11
      '@types/react': 19.2.14

  '@types/react@19.2.14':
    dependencies:
      csstype: 3.2.3

  csstype@3.2.3: {}
